// !$*UTF8*$!
{
	archiveVersion = 1;
	classes = {
	};
	objectVersion = 50;
	objects = {

/* Begin PBXBuildFile section */
		CAAD1387252CA2C600716325 /* AppDelegate.swift in Sources */ = {isa = PBXBuildFile; fileRef = CAAD1386252CA2C600716325 /* AppDelegate.swift */; };
		CAAD1389252CA2C600716325 /* art.scnassets in Resources */ = {isa = PBXBuildFile; fileRef = CAAD1388252CA2C600716325 /* art.scnassets */; };
		CAAD138B252CA2C700716325 /* ViewController.swift in Sources */ = {isa = PBXBuildFile; fileRef = CAAD138A252CA2C700716325 /* ViewController.swift */; };
		CAAD138E252CA2C700716325 /* Main.storyboard in Resources */ = {isa = PBXBuildFile; fileRef = CAAD138C252CA2C700716325 /* Main.storyboard */; };
		CAAD1390252CA2C700716325 /* Assets.xcassets in Resources */ = {isa = PBXBuildFile; fileRef = CAAD138F252CA2C700716325 /* Assets.xcassets */; };
		CAAD1393252CA2C700716325 /* LaunchScreen.storyboard in Resources */ = {isa = PBXBuildFile; fileRef = CAAD1391252CA2C700716325 /* LaunchScreen.storyboard */; };
		CAAD139B252CA2FF00716325 /* harrypotter.mp4 in Resources */ = {isa = PBXBuildFile; fileRef = CAAD139A252CA2FF00716325 /* harrypotter.mp4 */; };
/* End PBXBuildFile section */

/* Begin PBXFileReference section */
		CAAD1383252CA2C600716325 /* ARNewsPaper.app */ = {isa = PBXFileReference; explicitFileType = wrapper.application; includeInIndex = 0; path = ARNewsPaper.app; sourceTree = BUILT_PRODUCTS_DIR; };
		CAAD1386252CA2C600716325 /* AppDelegate.swift */ = {isa = PBXFileReference; lastKnownFileType = sourcecode.swift; path = AppDelegate.swift; sourceTree = "<group>"; };
		CAAD1388252CA2C600716325 /* art.scnassets */ = {isa = PBXFileReference; lastKnownFileType = wrapper.scnassets; path = art.scnassets; sourceTree = "<group>"; };
		CAAD138A252CA2C700716325 /* ViewController.swift */ = {isa = PBXFileReference; lastKnownFileType = sourcecode.swift; path = ViewController.swift; sourceTree = "<group>"; };
		CAAD138D252CA2C700716325 /* Base */ = {isa = PBXFileReference; lastKnownFileType = file.storyboard; name = Base; path = Base.lproj/Main.storyboard; sourceTree = "<group>"; };
		CAAD138F252CA2C700716325 /* Assets.xcassets */ = {isa = PBXFileReference; lastKnownFileType = folder.assetcatalog; path = Assets.xcassets; sourceTree = "<group>"; };
		CAAD1392252CA2C700716325 /* Base */ = {isa = PBXFileReference; lastKnownFileType = file.storyboard; name = Base; path = Base.lproj/LaunchScreen.storyboard; sourceTree = "<group>"; };
		CAAD1394252CA2C700716325 /* Info.plist */ = {isa = PBXFileReference; lastKnownFileType = text.plist.xml; path = Info.plist; sourceTree = "<group>"; };
		CAAD139A252CA2FF00716325 /* harrypotter.mp4 */ = {isa = PBXFileReference; lastKnownFileType = file; name = harrypotter.mp4; path = ../../../Desktop/harrypotter.mp4; sourceTree = "<group>"; };
/* End PBXFileReference section */

/* Begin PBXFrameworksBuildPhase section */
		CAAD1380252CA2C600716325 /* Frameworks */ = {
			isa = PBXFrameworksBuildPhase;
			buildActionMask = 2147483647;
			files = (
			);
			runOnlyForDeploymentPostprocessing = 0;
		};
/* End PBXFrameworksBuildPhase section */

/* Begin PBXGroup section */
		CAAD137A252CA2C600716325 = {
			isa = PBXGroup;
			children = (
				CAAD1385252CA2C600716325 /* ARNewsPaper */,
				CAAD1384252CA2C600716325 /* Products */,
			);
			sourceTree = "<group>";
		};
		CAAD1384252CA2C600716325 /* Products */ = {
			isa = PBXGroup;
			children = (
				CAAD1383252CA2C600716325 /* ARNewsPaper.app */,
			);
			name = Products;
			sourceTree = "<group>";
		};
		CAAD1385252CA2C600716325 /* ARNewsPaper */ = {
			isa = PBXGroup;
			children = (
				CAAD1386252CA2C600716325 /* AppDelegate.swift */,
				CAAD1388252CA2C600716325 /* art.scnassets */,
				CAAD138A252CA2C700716325 /* ViewController.swift */,
				CAAD138C252CA2C700716325 /* Main.storyboard */,
				CAAD139A252CA2FF00716325 /* harrypotter.mp4 */,
				CAAD138F252CA2C700716325 /* Assets.xcassets */,
				CAAD1391252CA2C700716325 /* LaunchScreen.storyboard */,
				CAAD1394252CA2C700716325 /* Info.plist */,
			);
			path = ARNewsPaper;
			sourceTree = "<group>";
		};
/* End PBXGroup section */

/* Begin PBXNativeTarget section */
		CAAD1382252CA2C600716325 /* ARNewsPaper */ = {
			isa = PBXNativeTarget;
			buildConfigurationList = CAAD1397252CA2C700716325 /* Build configuration list for PBXNativeTarget "ARNewsPaper" */;
			buildPhases = (
				CAAD137F252CA2C600716325 /* Sources */,
				CAAD1380252CA2C600716325 /* Frameworks */,
				CAAD1381252CA2C600716325 /* Resources */,
			);
			buildRules = (
			);
			dependencies = (
			);
			name = ARNewsPaper;
			productName = ARNewsPaper;
			productReference = CAAD1383252CA2C600716325 /* ARNewsPaper.app */;
			productType = "com.apple.product-type.application";
		};
/* End PBXNativeTarget section */

/* Begin PBXProject section */
		CAAD137B252CA2C600716325 /* Project object */ = {
			isa = PBXProject;
			attributes = {
				LastSwiftUpdateCheck = 1200;
				LastUpgradeCheck = 1200;
				TargetAttributes = {
					CAAD1382252CA2C600716325 = {
						CreatedOnToolsVersion = 12.0.1;
					};
				};
			};
			buildConfigurationList = CAAD137E252CA2C600716325 /* Build configuration list for PBXProject "ARNewsPaper" */;
			compatibilityVersion = "Xcode 9.3";
			developmentRegion = en;
			hasScannedForEncodings = 0;
			knownRegions = (
				en,
				Base,
			);
			mainGroup = CAAD137A252CA2C600716325;
			productRefGroup = CAAD1384252CA2C600716325 /* Products */;
			projectDirPath = "";
			projectRoot = "";
			targets = (
				CAAD1382252CA2C600716325 /* ARNewsPaper */,
			);
		};
/* End PBXProject section */

/* Begin PBXResourcesBuildPhase section */
		CAAD1381252CA2C600716325 /* Resources */ = {
			isa = PBXResourcesBuildPhase;
			buildActionMask = 2147483647;
			files = (
				CAAD1389252CA2C600716325 /* art.scnassets in Resources */,
				CAAD1393252CA2C700716325 /* LaunchScreen.storyboard in Resources */,
				CAAD139B252CA2FF00716325 /* harrypotter.mp4 in Resources */,
				CAAD1390252CA2C700716325 /* Assets.xcassets in Resources */,
				CAAD138E252CA2C700716325 /* Main.storyboard in Resources */,
			);
			runOnlyForDeploymentPostprocessing = 0;
		};
/* End PBXResourcesBuildPhase section */

/* Begin PBXSourcesBuildPhase section */
		CAAD137F252CA2C600716325 /* Sources */ = {
			isa = PBXSourcesBuildPhase;
			buildActionMask = 2147483647;
			files = (
				CAAD138B252CA2C700716325 /* ViewController.swift in Sources */,
				CAAD1387252CA2C600716325 /* AppDelegate.swift in Sources */,
			);
			runOnlyForDeploymentPostprocessing = 0;
		};
/* End PBXSourcesBuildPhase section */

/* Begin PBXVariantGroup section */
		CAAD138C252CA2C700716325 /* Main.storyboard */ = {
			isa = PBXVariantGroup;
			children = (
				CAAD138D252CA2C700716325 /* Base */,
			);
			name = Main.storyboard;
			sourceTree = "<group>";
		};
		CAAD1391252CA2C700716325 /* LaunchScreen.storyboard */ = {
			isa = PBXVariantGroup;
			children = (
				CAAD1392252CA2C700716325 /* Base */,
			);
			name = LaunchScreen.storyboard;
			sourceTree = "<group>";
		};
/* End PBXVariantGroup section */

/* Begin XCBuildConfiguration section */
		CAAD1395252CA2C700716325 /* Debug */ = {
			isa = XCBuildConfiguration;
			buildSettings = {
				ALWAYS_SEARCH_USER_PATHS = NO;
				CLANG_ANALYZER_NONNULL = YES;
				CLANG_ANALYZER_NUMBER_OBJECT_CONVERSION = YES_AGGRESSIVE;
				CLANG_CXX_LANGUAGE_STANDARD = "gnu++14";
				CLANG_CXX_LIBRARY = "libc++";
				CLANG_ENABLE_MODULES = YES;
				CLANG_ENABLE_OBJC_ARC = YES;
				CLANG_ENABLE_OBJC_WEAK = YES;
				CLANG_WARN_BLOCK_CAPTURE_AUTORELEASING = YES;
				CLANG_WARN_BOOL_CONVERSION = YES;
				CLANG_WARN_COMMA = YES;
				CLANG_WARN_CONSTANT_CONVERSION = YES;
				CLANG_WARN_DEPRECATED_OBJC_IMPLEMENTATIONS = YES;
				CLANG_WARN_DIRECT_OBJC_ISA_USAGE = YES_ERROR;
				CLANG_WARN_DOCUMENTATION_COMMENTS = YES;
				CLANG_WARN_EMPTY_BODY = YES;
				CLANG_WARN_ENUM_CONVERSION = YES;
				CLANG_WARN_INFINITE_RECURSION = YES;
				CLANG_WARN_INT_CONVERSION = YES;
				CLANG_WARN_NON_LITERAL_NULL_CONVERSION = YES;
				CLANG_WARN_OBJC_IMPLICIT_RETAIN_SELF = YES;
				CLANG_WARN_OBJC_LITERAL_CONVERSION = YES;
				CLANG_WARN_OBJC_ROOT_CLASS = YES_ERROR;
				CLANG_WARN_QUOTED_INCLUDE_IN_FRAMEWORK_HEADER = YES;
				CLANG_WARN_RANGE_LOOP_ANALYSIS = YES;
				CLANG_WARN_STRICT_PROTOTYPES = YES;
				CLANG_WARN_SUSPICIOUS_MOVE = YES;
				CLANG_WARN_UNGUARDED_AVAILABILITY = YES_AGGRESSIVE;
				CLANG_WARN_UNREACHABLE_CODE = YES;
				CLANG_WARN__DUPLICATE_METHOD_MATCH = YES;
				COPY_PHASE_STRIP = NO;
				DEBUG_INFORMATION_FORMAT = dwarf;
				ENABLE_STRICT_OBJC_MSGSEND = YES;
				ENABLE_TESTABILITY = YES;
				GCC_C_LANGUAGE_STANDARD = gnu11;
				GCC_DYNAMIC_NO_PIC = NO;
				GCC_NO_COMMON_BLOCKS = YES;
				GCC_OPTIMIZATION_LEVEL = 0;
				GCC_PREPROCESSOR_DEFINITIONS = (
					"DEBUG=1",
					"$(inherited)",
				);
				GCC_WARN_64_TO_32_BIT_CONVERSION = YES;
				GCC_WARN_ABOUT_RETURN_TYPE = YES_ERROR;
				GCC_WARN_UNDECLARED_SELECTOR = YES;
				GCC_WARN_UNINITIALIZED_AUTOS = YES_AGGRESSIVE;
				GCC_WARN_UNUSED_FUNCTION = YES;
				GCC_WARN_UNUSED_VARIABLE = YES;
				IPHONEOS_DEPLOYMENT_TARGET = 14.0;
				MTL_ENABLE_DEBUG_INFO = INCLUDE_SOURCE;
				MTL_FAST_MATH = YES;
				ONLY_ACTIVE_ARCH = YES;
				SDKROOT = iphoneos;
				SWIFT_ACTIVE_COMPILATION_CONDITIONS = DEBUG;
				SWIFT_OPTIMIZATION_LEVEL = "-Onone";
			};
			name = Debug;
		};
		CAAD1396252CA2C700716325 /* Release */ = {
			isa = XCBuildConfiguration;
			buildSettings = {
				ALWAYS_SEARCH_USER_PATHS = NO;
				CLANG_ANALYZER_NONNULL = YES;
				CLANG_ANALYZER_NUMBER_OBJECT_CONVERSION = YES_AGGRESSIVE;
				CLANG_CXX_LANGUAGE_STANDARD = "gnu++14";
				CLANG_CXX_LIBRARY = "libc++";
				CLANG_ENABLE_MODULES = YES;
				CLANG_ENABLE_OBJC_ARC = YES;
				CLANG_ENABLE_OBJC_WEAK = YES;
				CLANG_WARN_BLOCK_CAPTURE_AUTORELEASING = YES;
				CLANG_WARN_BOOL_CONVERSION = YES;
				CLANG_WARN_COMMA = YES;
				CLANG_WARN_CONSTANT_CONVERSION = YES;
				CLANG_WARN_DEPRECATED_OBJC_IMPLEMENTATIONS = YES;
				CLANG_WARN_DIRECT_OBJC_ISA_USAGE = YES_ERROR;
				CLANG_WARN_DOCUMENTATION_COMMENTS = YES;
				CLANG_WARN_EMPTY_BODY = YES;
				CLANG_WARN_ENUM_CONVERSION = YES;
				CLANG_WARN_INFINITE_RECURSION = YES;
				CLANG_WARN_INT_CONVERSION = YES;
				CLANG_WARN_NON_LITERAL_NULL_CONVERSION = YES;
				CLANG_WARN_OBJC_IMPLICIT_RETAIN_SELF = YES;
				CLANG_WARN_OBJC_LITERAL_CONVERSION = YES;
				CLANG_WARN_OBJC_ROOT_CLASS = YES_ERROR;
				CLANG_WARN_QUOTED_INCLUDE_IN_FRAMEWORK_HEADER = YES;
				CLANG_WARN_RANGE_LOOP_ANALYSIS = YES;
				CLANG_WARN_STRICT_PROTOTYPES = YES;
				CLANG_WARN_SUSPICIOUS_MOVE = YES;
				CLANG_WARN_UNGUARDED_AVAILABILITY = YES_AGGRESSIVE;
				CLANG_WARN_UNREACHABLE_CODE = YES;
				CLANG_WARN__DUPLICATE_METHOD_MATCH = YES;
				COPY_PHASE_STRIP = NO;
				DEBUG_INFORMATION_FORMAT = "dwarf-with-dsym";
				ENABLE_NS_ASSERTIONS = NO;
				ENABLE_STRICT_OBJC_MSGSEND = YES;
				GCC_C_LANGUAGE_STANDARD = gnu11;
				GCC_NO_COMMON_BLOCKS = YES;
				GCC_WARN_64_TO_32_BIT_CONVERSION = YES;
				GCC_WARN_ABOUT_RETURN_TYPE = YES_ERROR;
				GCC_WARN_UNDECLARED_SELECTOR = YES;
				GCC_WARN_UNINITIALIZED_AUTOS = YES_AGGRESSIVE;
				GCC_WARN_UNUSED_FUNCTION = YES;
				GCC_WARN_UNUSED_VARIABLE = YES;
				IPHONEOS_DEPLOYMENT_TARGET = 14.0;
				MTL_ENABLE_DEBUG_INFO = NO;
				MTL_FAST_MATH = YES;
				SDKROOT = iphoneos;
				SWIFT_COMPILATION_MODE = wholemodule;
				SWIFT_OPTIMIZATION_LEVEL = "-O";
				VALIDATE_PRODUCT = YES;
			};
			name = Release;
		};
		CAAD1398252CA2C700716325 /* Debug */ = {
			isa = XCBuildConfiguration;
			buildSettings = {
				ASSETCATALOG_COMPILER_APPICON_NAME = AppIcon;
				ASSETCATALOG_COMPILER_GLOBAL_ACCENT_COLOR_NAME = AccentColor;
				CODE_SIGN_STYLE = Automatic;
				DEVELOPMENT_TEAM = 89F3WBQAXS;
				INFOPLIST_FILE = ARNewsPaper/Info.plist;
				LD_RUNPATH_SEARCH_PATHS = (
					"$(inherited)",
					"@executable_path/Frameworks",
				);
				PRODUCT_BUNDLE_IDENTIFIER = "com.Sai-Naveen-Katla.ARNewsPaper";
				PRODUCT_NAME = "$(TARGET_NAME)";
				SWIFT_VERSION = 5.0;
				TARGETED_DEVICE_FAMILY = "1,2";
			};
			name = Debug;
		};
		CAAD1399252CA2C700716325 /* Release */ = {
			isa = XCBuildConfiguration;
			buildSettings = {
				ASSETCATALOG_COMPILER_APPICON_NAME = AppIcon;
				ASSETCATALOG_COMPILER_GLOBAL_ACCENT_COLOR_NAME = AccentColor;
				CODE_SIGN_STYLE = Automatic;
				DEVELOPMENT_TEAM = 89F3WBQAXS;
				INFOPLIST_FILE = ARNewsPaper/Info.plist;
				LD_RUNPATH_SEARCH_PATHS = (
					"$(inherited)",
					"@executable_path/Frameworks",
				);
				PRODUCT_BUNDLE_IDENTIFIER = "com.Sai-Naveen-Katla.ARNewsPaper";
				PRODUCT_NAME = "$(TARGET_NAME)";
				SWIFT_VERSION = 5.0;
				TARGETED_DEVICE_FAMILY = "1,2";
			};
			name = Release;
		};
/* End XCBuildConfiguration section */

/* Begin XCConfigurationList section */
		CAAD137E252CA2C600716325 /* Build configuration list for PBXProject "ARNewsPaper" */ = {
			isa = XCConfigurationList;
			buildConfigurations = (
				CAAD1395252CA2C700716325 /* Debug */,
				CAAD1396252CA2C700716325 /* Release */,
			);
			defaultConfigurationIsVisible = 0;
			defaultConfigurationName = Release;
		};
		CAAD1397252CA2C700716325 /* Build configuration list for PBXNativeTarget "ARNewsPaper" */ = {
			isa = XCConfigurationList;
			buildConfigurations = (
				CAAD1398252CA2C700716325 /* Debug */,
				CAAD1399252CA2C700716325 /* Release */,
			);
			defaultConfigurationIsVisible = 0;
			defaultConfigurationName = Release;
		};
/* End XCConfigurationList section */
	};
	rootObject = CAAD137B252CA2C600716325 /* Project object */;
}
